{
    "_meta": {
        "hash": {
            "sha256": "663262bd954fcb6dbaf72deb7d2dd37792c92e0e5a8b8588c06be18a57986259"
        },
        "pipfile-spec": 6,
        "requires": {
            "python_version": "3.11"
        },
        "sources": [
            {
                "name": "pypi",
                "url": "https://pypi.org/simple",
                "verify_ssl": true
            }
        ]
    },
    "default": {
        "pyserial": {
            "hashes": [
                "sha256:3c77e014170dfffbd816e6ffc205e9842efb10be9f58ec16d3e8675b4925cddb",
                "sha256:c4451db6ba391ca6ca299fb3ec7bae67a5c55dde170964c7a14ceefec02f2cf0"
            ],
            "version": "==3.5"
        },
        "pyudev": {
            "hashes": [
                "sha256:2e945427a21674893bb97632401db62139d91cea1ee96137cc7b07ad22198fc7",
                "sha256:e8246f0a014fe370119ba2bc781bfbe62c0298d0d6b39c94e83102a8a3f56960"
            ],
            "markers": "python_version >= '3.7'",
            "version": "==0.24.3"
        },
        "rshell": {
            "hashes": [
                "sha256:c83e05e316691da203e5a5d9e6d6c2641db86bff85b72a1b980395e4638930c5"
            ],
            "index": "pypi",
            "version": "==0.0.33"
        }
    },
    "develop": {}
}
